
Microsoft Visual Studio Solution File, Format Version 12.00
# Visual Studio Version 17
VisualStudioVersion = 17.4.33122.133
MinimumVisualStudioVersion = 10.0.40219.1
Project("{9A19103F-16F7-4668-BE54-9A1E7A4F7556}") = "wb", "wb.csproj", "{61C61303-DC27-4ABA-8F2E-8844AB5E1207}"
EndProject
Global
	GlobalSection(SolutionConfigurationPlatforms) = preSolution
		Debug|Any CPU = Debug|Any CPU
		Release|Any CPU = Release|Any CPU
	EndGlobalSection
	GlobalSection(ProjectConfigurationPlatforms) = postSolution
		{61C61303-DC27-4ABA-8F2E-8844AB5E1207}.Debug|Any CPU.ActiveCfg = Debug|Any CPU
		{61C61303-DC27-4ABA-8F2E-8844AB5E1207}.Debug|Any CPU.Build.0 = Debug|Any CPU
		{61C61303-DC27-4ABA-8F2E-8844AB5E1207}.Release|Any CPU.ActiveCfg = Release|Any CPU
		{61C61303-DC27-4ABA-8F2E-8844AB5E1207}.Release|Any CPU.Build.0 = Release|Any CPU
	EndGlobalSection
	GlobalSection(SolutionProperties) = preSolution
		HideSolutionNode = FALSE
	EndGlobalSection
	GlobalSection(ExtensibilityGlobals) = postSolution
		SolutionGuid = {F6839C9B-598C-456C-8FDF-F76D9F18FFDC}
	EndGlobalSection
EndGlobal
